
Microsoft Visual Studio Solution File, Format Version 12.00
# Visual Studio Version 17
VisualStudioVersion = 17.5.33530.505
MinimumVisualStudioVersion = 10.0.40219.1
Project("{9A19103F-16F7-4668-BE54-9A1E7A4F7556}") = "Stopwatch", "Stopwatch.csproj", "{8813B325-BC50-4584-8B34-39EDBDA41647}"
EndProject
Global
	GlobalSection(SolutionConfigurationPlatforms) = preSolution
		Debug|Any CPU = Debug|Any CPU
		Release|Any CPU = Release|Any CPU
	EndGlobalSection
	GlobalSection(ProjectConfigurationPlatforms) = postSolution
		{8813B325-BC50-4584-8B34-39EDBDA41647}.Debug|Any CPU.ActiveCfg = Debug|Any CPU
		{8813B325-BC50-4584-8B34-39EDBDA41647}.Debug|Any CPU.Build.0 = Debug|Any CPU
		{8813B325-BC50-4584-8B34-39EDBDA41647}.Release|Any CPU.ActiveCfg = Release|Any CPU
		{8813B325-BC50-4584-8B34-39EDBDA41647}.Release|Any CPU.Build.0 = Release|Any CPU
	EndGlobalSection
	GlobalSection(SolutionProperties) = preSolution
		HideSolutionNode = FALSE
	EndGlobalSection
	GlobalSection(ExtensibilityGlobals) = postSolution
		SolutionGuid = {54DA6BFA-6554-489F-84DF-249E0D05C305}
	EndGlobalSection
EndGlobal
