
Microsoft Visual Studio Solution File, Format Version 12.00
# Visual Studio Version 17
VisualStudioVersion = 17.5.33530.505
MinimumVisualStudioVersion = 10.0.40219.1
Project("{9A19103F-16F7-4668-BE54-9A1E7A4F7556}") = "TextEditor", "TextEditor.csproj", "{B28742E1-BD0E-4BD2-8BAF-09B8780C171F}"
EndProject
Global
	GlobalSection(SolutionConfigurationPlatforms) = preSolution
		Debug|Any CPU = Debug|Any CPU
		Release|Any CPU = Release|Any CPU
	EndGlobalSection
	GlobalSection(ProjectConfigurationPlatforms) = postSolution
		{B28742E1-BD0E-4BD2-8BAF-09B8780C171F}.Debug|Any CPU.ActiveCfg = Debug|Any CPU
		{B28742E1-BD0E-4BD2-8BAF-09B8780C171F}.Debug|Any CPU.Build.0 = Debug|Any CPU
		{B28742E1-BD0E-4BD2-8BAF-09B8780C171F}.Release|Any CPU.ActiveCfg = Release|Any CPU
		{B28742E1-BD0E-4BD2-8BAF-09B8780C171F}.Release|Any CPU.Build.0 = Release|Any CPU
	EndGlobalSection
	GlobalSection(SolutionProperties) = preSolution
		HideSolutionNode = FALSE
	EndGlobalSection
	GlobalSection(ExtensibilityGlobals) = postSolution
		SolutionGuid = {C143FF80-99CB-41A8-9B79-82B495CC5856}
	EndGlobalSection
EndGlobal
